
Microsoft Visual Studio Solution File, Format Version 12.00
# Visual Studio 15
VisualStudioVersion = 15.0.27130.2020
MinimumVisualStudioVersion = 10.0.40219.1
Project("{8BC9CEB8-8B4A-11D0-8D11-00A0C91BC942}") = "Snake", "Snake\Snake.vcxproj", "{72B16A3E-6D45-438F-B673-7C43B524C518}"
EndProject
Global
	GlobalSection(SolutionConfigurationPlatforms) = preSolution
		Debug|x64 = Debug|x64
		Debug|x86 = Debug|x86
		Release|x64 = Release|x64
		Release|x86 = Release|x86
	EndGlobalSection
	GlobalSection(ProjectConfigurationPlatforms) = postSolution
		{72B16A3E-6D45-438F-B673-7C43B524C518}.Debug|x64.ActiveCfg = Debug|x64
		{72B16A3E-6D45-438F-B673-7C43B524C518}.Debug|x64.Build.0 = Debug|x64
		{72B16A3E-6D45-438F-B673-7C43B524C518}.Debug|x86.ActiveCfg = Debug|Win32
		{72B16A3E-6D45-438F-B673-7C43B524C518}.Debug|x86.Build.0 = Debug|Win32
		{72B16A3E-6D45-438F-B673-7C43B524C518}.Release|x64.ActiveCfg = Release|x64
		{72B16A3E-6D45-438F-B673-7C43B524C518}.Release|x64.Build.0 = Release|x64
		{72B16A3E-6D45-438F-B673-7C43B524C518}.Release|x86.ActiveCfg = Release|Win32
		{72B16A3E-6D45-438F-B673-7C43B524C518}.Release|x86.Build.0 = Release|Win32
	EndGlobalSection
	GlobalSection(SolutionProperties) = preSolution
		HideSolutionNode = FALSE
	EndGlobalSection
	GlobalSection(ExtensibilityGlobals) = postSolution
		SolutionGuid = {8204318D-3502-4E36-BABD-591873C60365}
	EndGlobalSection
EndGlobal
